
Microsoft Visual Studio Solution File, Format Version 12.00
# Visual Studio Version 17
VisualStudioVersion = 17.14.36127.28
MinimumVisualStudioVersion = 10.0.40219.1
Project("{FAE04EC0-301F-11D3-BF4B-00C04F79EFBC}") = "MP3PlayerV2", "MP3PlayerV2.csproj", "{7DE1C78F-D573-4DA4-B02D-A9BAD5029FAD}"
EndProject
Global
	GlobalSection(SolutionConfigurationPlatforms) = preSolution
		Debug|Any CPU = Debug|Any CPU
		Release|Any CPU = Release|Any CPU
	EndGlobalSection
	GlobalSection(ProjectConfigurationPlatforms) = postSolution
		{7DE1C78F-D573-4DA4-B02D-A9BAD5029FAD}.Debug|Any CPU.ActiveCfg = Debug|Any CPU
		{7DE1C78F-D573-4DA4-B02D-A9BAD5029FAD}.Debug|Any CPU.Build.0 = Debug|Any CPU
		{7DE1C78F-D573-4DA4-B02D-A9BAD5029FAD}.Release|Any CPU.ActiveCfg = Release|Any CPU
		{7DE1C78F-D573-4DA4-B02D-A9BAD5029FAD}.Release|Any CPU.Build.0 = Release|Any CPU
	EndGlobalSection
	GlobalSection(SolutionProperties) = preSolution
		HideSolutionNode = FALSE
	EndGlobalSection
	GlobalSection(ExtensibilityGlobals) = postSolution
		SolutionGuid = {B1B8FC2F-851B-4A3F-A0F1-3740F97D313C}
	EndGlobalSection
EndGlobal
